# This file is automatically @generated by Cargo.
# It is not intended for manual editing.
[[package]]
name = "indexed_vec"
version = "1.2.0"
dependencies = [
 "serde 1.0.103 (registry+https://github.com/rust-lang/crates.io-index)",
]

[[package]]
name = "serde"
version = "1.0.103"
source = "registry+https://github.com/rust-lang/crates.io-index"

[metadata]
"checksum serde 1.0.103 (registry+https://github.com/rust-lang/crates.io-index)" = "1217f97ab8e8904b57dd22eb61cde455fa7446a9c1cf43966066da047c1f3702"
